// !$*UTF8*$!
{
	archiveVersion = 1;
	classes = {
	};
	objectVersion = 51;
	objects = {

/* Begin PBXBuildFile section */
		3C78474F233385B900BF129F /* FollowersListingViewController.storyboard in Resources */ = {isa = PBXBuildFile; fileRef = 3C78474E233385B900BF129F /* FollowersListingViewController.storyboard */; };
		3C784751233385D600BF129F /* FollowersListingViewController.swift in Sources */ = {isa = PBXBuildFile; fileRef = 3C784750233385D600BF129F /* FollowersListingViewController.swift */; };
		3C7847572333916E00BF129F /* TwitterManager.swift in Sources */ = {isa = PBXBuildFile; fileRef = 3C7847562333916E00BF129F /* TwitterManager.swift */; };
		3C78475B23339FCA00BF129F /* UserTableViewCell.swift in Sources */ = {isa = PBXBuildFile; fileRef = 3C78475923339FCA00BF129F /* UserTableViewCell.swift */; };
		3C78475C23339FCA00BF129F /* UserTableViewCell.xib in Resources */ = {isa = PBXBuildFile; fileRef = 3C78475A23339FCA00BF129F /* UserTableViewCell.xib */; };
		3C7847602333A0D400BF129F /* UIViewController+StoryboardInstance.swift in Sources */ = {isa = PBXBuildFile; fileRef = 3C78475F2333A0D400BF129F /* UIViewController+StoryboardInstance.swift */; };
		3C7847622333A0F100BF129F /* Cell+ReuseIdentifiers.swift in Sources */ = {isa = PBXBuildFile; fileRef = 3C7847612333A0F100BF129F /* Cell+ReuseIdentifiers.swift */; };
		3C7847642333A12000BF129F /* UIView+Circle.swift in Sources */ = {isa = PBXBuildFile; fileRef = 3C7847632333A12000BF129F /* UIView+Circle.swift */; };
		3C7847662333A18C00BF129F /* ImageView+URLImageLoading.swift in Sources */ = {isa = PBXBuildFile; fileRef = 3C7847652333A18C00BF129F /* ImageView+URLImageLoading.swift */; };
		3C7847692333A20000BF129F /* User.swift in Sources */ = {isa = PBXBuildFile; fileRef = 3C7847682333A20000BF129F /* User.swift */; };
		3CDF10ED23336325007BA74D /* AppDelegate.swift in Sources */ = {isa = PBXBuildFile; fileRef = 3CDF10EC23336325007BA74D /* AppDelegate.swift */; };
		3CDF10EF23336325007BA74D /* ViewController.swift in Sources */ = {isa = PBXBuildFile; fileRef = 3CDF10EE23336325007BA74D /* ViewController.swift */; };
		3CDF10F223336325007BA74D /* Main.storyboard in Resources */ = {isa = PBXBuildFile; fileRef = 3CDF10F023336325007BA74D /* Main.storyboard */; };
		3CDF10F523336325007BA74D /* TwitterMessagingApp.xcdatamodeld in Sources */ = {isa = PBXBuildFile; fileRef = 3CDF10F323336325007BA74D /* TwitterMessagingApp.xcdatamodeld */; };
		3CDF10F723336327007BA74D /* Assets.xcassets in Resources */ = {isa = PBXBuildFile; fileRef = 3CDF10F623336327007BA74D /* Assets.xcassets */; };
		3CDF10FA23336327007BA74D /* LaunchScreen.storyboard in Resources */ = {isa = PBXBuildFile; fileRef = 3CDF10F823336327007BA74D /* LaunchScreen.storyboard */; };
		3CDF110523336327007BA74D /* TwitterMessagingAppTests.swift in Sources */ = {isa = PBXBuildFile; fileRef = 3CDF110423336327007BA74D /* TwitterMessagingAppTests.swift */; };
		3CDF111023336327007BA74D /* TwitterMessagingAppUITests.swift in Sources */ = {isa = PBXBuildFile; fileRef = 3CDF110F23336327007BA74D /* TwitterMessagingAppUITests.swift */; };
		54A027C10CE7CC38B0123DC5 /* Pods_TwitterMessagingApp.framework in Frameworks */ = {isa = PBXBuildFile; fileRef = D07A15F620AC162E656FA177 /* Pods_TwitterMessagingApp.framework */; };
/* End PBXBuildFile section */

/* Begin PBXContainerItemProxy section */
		3CDF110123336327007BA74D /* PBXContainerItemProxy */ = {
			isa = PBXContainerItemProxy;
			containerPortal = 3CDF10E123336325007BA74D /* Project object */;
			proxyType = 1;
			remoteGlobalIDString = 3CDF10E823336325007BA74D;
			remoteInfo = TwitterMessagingApp;
		};
		3CDF110C23336327007BA74D /* PBXContainerItemProxy */ = {
			isa = PBXContainerItemProxy;
			containerPortal = 3CDF10E123336325007BA74D /* Project object */;
			proxyType = 1;
			remoteGlobalIDString = 3CDF10E823336325007BA74D;
			remoteInfo = TwitterMessagingApp;
		};
/* End PBXContainerItemProxy section */

/* Begin PBXCopyFilesBuildPhase section */
		3CDF11232333714A007BA74D /* Embed Frameworks */ = {
			isa = PBXCopyFilesBuildPhase;
			buildActionMask = 2147483647;
			dstPath = "";
			dstSubfolderSpec = 10;
			files = (
			);
			name = "Embed Frameworks";
			runOnlyForDeploymentPostprocessing = 0;
		};
		3CDF1133233374DE007BA74D /* Embed PlugIns */ = {
			isa = PBXCopyFilesBuildPhase;
			buildActionMask = 2147483647;
			dstPath = "";
			dstSubfolderSpec = 13;
			files = (
			);
			name = "Embed PlugIns";
			runOnlyForDeploymentPostprocessing = 0;
		};
/* End PBXCopyFilesBuildPhase section */

/* Begin PBXFileReference section */
		069602C04B046D676DCF241E /* Pods-TwitterMessagingApp.debug.xcconfig */ = {isa = PBXFileReference; includeInIndex = 1; lastKnownFileType = text.xcconfig; name = "Pods-TwitterMessagingApp.debug.xcconfig"; path = "Target Support Files/Pods-TwitterMessagingApp/Pods-TwitterMessagingApp.debug.xcconfig"; sourceTree = "<group>"; };
		3C78474E233385B900BF129F /* FollowersListingViewController.storyboard */ = {isa = PBXFileReference; lastKnownFileType = file.storyboard; path = FollowersListingViewController.storyboard; sourceTree = "<group>"; };
		3C784750233385D600BF129F /* FollowersListingViewController.swift */ = {isa = PBXFileReference; lastKnownFileType = sourcecode.swift; path = FollowersListingViewController.swift; sourceTree = "<group>"; };
		3C7847562333916E00BF129F /* TwitterManager.swift */ = {isa = PBXFileReference; lastKnownFileType = sourcecode.swift; path = TwitterManager.swift; sourceTree = "<group>"; };
		3C78475923339FCA00BF129F /* UserTableViewCell.swift */ = {isa = PBXFileReference; lastKnownFileType = sourcecode.swift; path = UserTableViewCell.swift; sourceTree = "<group>"; };
		3C78475A23339FCA00BF129F /* UserTableViewCell.xib */ = {isa = PBXFileReference; lastKnownFileType = file.xib; path = UserTableViewCell.xib; sourceTree = "<group>"; };
		3C78475F2333A0D400BF129F /* UIViewController+StoryboardInstance.swift */ = {isa = PBXFileReference; lastKnownFileType = sourcecode.swift; path = "UIViewController+StoryboardInstance.swift"; sourceTree = "<group>"; };
		3C7847612333A0F100BF129F /* Cell+ReuseIdentifiers.swift */ = {isa = PBXFileReference; lastKnownFileType = sourcecode.swift; path = "Cell+ReuseIdentifiers.swift"; sourceTree = "<group>"; };
		3C7847632333A12000BF129F /* UIView+Circle.swift */ = {isa = PBXFileReference; lastKnownFileType = sourcecode.swift; path = "UIView+Circle.swift"; sourceTree = "<group>"; };
		3C7847652333A18C00BF129F /* ImageView+URLImageLoading.swift */ = {isa = PBXFileReference; lastKnownFileType = sourcecode.swift; path = "ImageView+URLImageLoading.swift"; sourceTree = "<group>"; };
		3C7847682333A20000BF129F /* User.swift */ = {isa = PBXFileReference; lastKnownFileType = sourcecode.swift; path = User.swift; sourceTree = "<group>"; };
		3CDF10E923336325007BA74D /* TwitterMessagingApp.app */ = {isa = PBXFileReference; explicitFileType = wrapper.application; includeInIndex = 0; path = TwitterMessagingApp.app; sourceTree = BUILT_PRODUCTS_DIR; };
		3CDF10EC23336325007BA74D /* AppDelegate.swift */ = {isa = PBXFileReference; lastKnownFileType = sourcecode.swift; path = AppDelegate.swift; sourceTree = "<group>"; };
		3CDF10EE23336325007BA74D /* ViewController.swift */ = {isa = PBXFileReference; lastKnownFileType = sourcecode.swift; path = ViewController.swift; sourceTree = "<group>"; };
		3CDF10F123336325007BA74D /* Base */ = {isa = PBXFileReference; lastKnownFileType = file.storyboard; name = Base; path = Base.lproj/Main.storyboard; sourceTree = "<group>"; };
		3CDF10F423336325007BA74D /* TwitterMessagingApp.xcdatamodel */ = {isa = PBXFileReference; lastKnownFileType = wrapper.xcdatamodel; path = TwitterMessagingApp.xcdatamodel; sourceTree = "<group>"; };
		3CDF10F623336327007BA74D /* Assets.xcassets */ = {isa = PBXFileReference; lastKnownFileType = folder.assetcatalog; path = Assets.xcassets; sourceTree = "<group>"; };
		3CDF10F923336327007BA74D /* Base */ = {isa = PBXFileReference; lastKnownFileType = file.storyboard; name = Base; path = Base.lproj/LaunchScreen.storyboard; sourceTree = "<group>"; };
		3CDF10FB23336327007BA74D /* Info.plist */ = {isa = PBXFileReference; lastKnownFileType = text.plist.xml; path = Info.plist; sourceTree = "<group>"; };
		3CDF110023336327007BA74D /* TwitterMessagingAppTests.xctest */ = {isa = PBXFileReference; explicitFileType = wrapper.cfbundle; includeInIndex = 0; path = TwitterMessagingAppTests.xctest; sourceTree = BUILT_PRODUCTS_DIR; };
		3CDF110423336327007BA74D /* TwitterMessagingAppTests.swift */ = {isa = PBXFileReference; lastKnownFileType = sourcecode.swift; path = TwitterMessagingAppTests.swift; sourceTree = "<group>"; };
		3CDF110623336327007BA74D /* Info.plist */ = {isa = PBXFileReference; lastKnownFileType = text.plist.xml; path = Info.plist; sourceTree = "<group>"; };
		3CDF110B23336327007BA74D /* TwitterMessagingAppUITests.xctest */ = {isa = PBXFileReference; explicitFileType = wrapper.cfbundle; includeInIndex = 0; path = TwitterMessagingAppUITests.xctest; sourceTree = BUILT_PRODUCTS_DIR; };
		3CDF110F23336327007BA74D /* TwitterMessagingAppUITests.swift */ = {isa = PBXFileReference; lastKnownFileType = sourcecode.swift; path = TwitterMessagingAppUITests.swift; sourceTree = "<group>"; };
		3CDF111123336327007BA74D /* Info.plist */ = {isa = PBXFileReference; lastKnownFileType = text.plist.xml; path = Info.plist; sourceTree = "<group>"; };
		3CDF112923337382007BA74D /* TwitterCore.framework */ = {isa = PBXFileReference; lastKnownFileType = wrapper.framework; name = TwitterCore.framework; path = "../../Downloads/Twitter-Kit-iOS/TwitterCore.framework"; sourceTree = "<group>"; };
		B895D8171182FE050B144B0C /* Pods-TwitterMessagingApp.release.xcconfig */ = {isa = PBXFileReference; includeInIndex = 1; lastKnownFileType = text.xcconfig; name = "Pods-TwitterMessagingApp.release.xcconfig"; path = "Target Support Files/Pods-TwitterMessagingApp/Pods-TwitterMessagingApp.release.xcconfig"; sourceTree = "<group>"; };
		D07A15F620AC162E656FA177 /* Pods_TwitterMessagingApp.framework */ = {isa = PBXFileReference; explicitFileType = wrapper.framework; includeInIndex = 0; path = Pods_TwitterMessagingApp.framework; sourceTree = BUILT_PRODUCTS_DIR; };
/* End PBXFileReference section */

/* Begin PBXFrameworksBuildPhase section */
		3CDF10E623336325007BA74D /* Frameworks */ = {
			isa = PBXFrameworksBuildPhase;
			buildActionMask = 2147483647;
			files = (
				54A027C10CE7CC38B0123DC5 /* Pods_TwitterMessagingApp.framework in Frameworks */,
			);
			runOnlyForDeploymentPostprocessing = 0;
		};
		3CDF10FD23336327007BA74D /* Frameworks */ = {
			isa = PBXFrameworksBuildPhase;
			buildActionMask = 2147483647;
			files = (
			);
			runOnlyForDeploymentPostprocessing = 0;
		};
		3CDF110823336327007BA74D /* Frameworks */ = {
			isa = PBXFrameworksBuildPhase;
			buildActionMask = 2147483647;
			files = (
			);
			runOnlyForDeploymentPostprocessing = 0;
		};
/* End PBXFrameworksBuildPhase section */

/* Begin PBXGroup section */
		3C78474D2333859E00BF129F /* followers listing */ = {
			isa = PBXGroup;
			children = (
				3C78475823339F4000BF129F /* cells */,
				3C78474E233385B900BF129F /* FollowersListingViewController.storyboard */,
				3C784750233385D600BF129F /* FollowersListingViewController.swift */,
			);
			path = "followers listing";
			sourceTree = "<group>";
		};
		3C7847532333913D00BF129F /* data */ = {
			isa = PBXGroup;
			children = (
				3C7847562333916E00BF129F /* TwitterManager.swift */,
			);
			name = data;
			path = API.temp_caseinsensitive_rename.;
			sourceTree = "<group>";
		};
		3C78475823339F4000BF129F /* cells */ = {
			isa = PBXGroup;
			children = (
				3C78475923339FCA00BF129F /* UserTableViewCell.swift */,
				3C78475A23339FCA00BF129F /* UserTableViewCell.xib */,
			);
			path = cells;
			sourceTree = "<group>";
		};
		3C78475D2333A09B00BF129F /* extensions */ = {
			isa = PBXGroup;
			children = (
				3C78475F2333A0D400BF129F /* UIViewController+StoryboardInstance.swift */,
				3C7847612333A0F100BF129F /* Cell+ReuseIdentifiers.swift */,
				3C7847632333A12000BF129F /* UIView+Circle.swift */,
				3C7847652333A18C00BF129F /* ImageView+URLImageLoading.swift */,
			);
			path = extensions;
			sourceTree = "<group>";
		};
		3C7847672333A1DE00BF129F /* models */ = {
			isa = PBXGroup;
			children = (
				3C7847682333A20000BF129F /* User.swift */,
			);
			path = models;
			sourceTree = "<group>";
		};
		3CDF10E023336325007BA74D = {
			isa = PBXGroup;
			children = (
				3CDF10EB23336325007BA74D /* TwitterMessagingApp */,
				3CDF110323336327007BA74D /* TwitterMessagingAppTests */,
				3CDF110E23336327007BA74D /* TwitterMessagingAppUITests */,
				3CDF10EA23336325007BA74D /* Products */,
				3CDF112823337382007BA74D /* Frameworks */,
				9411A9DF382227D7C2DB78CF /* Pods */,
			);
			sourceTree = "<group>";
		};
		3CDF10EA23336325007BA74D /* Products */ = {
			isa = PBXGroup;
			children = (
				3CDF10E923336325007BA74D /* TwitterMessagingApp.app */,
				3CDF110023336327007BA74D /* TwitterMessagingAppTests.xctest */,
				3CDF110B23336327007BA74D /* TwitterMessagingAppUITests.xctest */,
			);
			name = Products;
			sourceTree = "<group>";
		};
		3CDF10EB23336325007BA74D /* TwitterMessagingApp */ = {
			isa = PBXGroup;
			children = (
				3C7847672333A1DE00BF129F /* models */,
				3C78475D2333A09B00BF129F /* extensions */,
				3C7847532333913D00BF129F /* data */,
				3C78474D2333859E00BF129F /* followers listing */,
				3CDF10EC23336325007BA74D /* AppDelegate.swift */,
				3CDF10EE23336325007BA74D /* ViewController.swift */,
				3CDF10F023336325007BA74D /* Main.storyboard */,
				3CDF10F623336327007BA74D /* Assets.xcassets */,
				3CDF10F823336327007BA74D /* LaunchScreen.storyboard */,
				3CDF10FB23336327007BA74D /* Info.plist */,
				3CDF10F323336325007BA74D /* TwitterMessagingApp.xcdatamodeld */,
			);
			path = TwitterMessagingApp;
			sourceTree = "<group>";
		};
		3CDF110323336327007BA74D /* TwitterMessagingAppTests */ = {
			isa = PBXGroup;
			children = (
				3CDF110423336327007BA74D /* TwitterMessagingAppTests.swift */,
				3CDF110623336327007BA74D /* Info.plist */,
			);
			path = TwitterMessagingAppTests;
			sourceTree = "<group>";
		};
		3CDF110E23336327007BA74D /* TwitterMessagingAppUITests */ = {
			isa = PBXGroup;
			children = (
				3CDF110F23336327007BA74D /* TwitterMessagingAppUITests.swift */,
				3CDF111123336327007BA74D /* Info.plist */,
			);
			path = TwitterMessagingAppUITests;
			sourceTree = "<group>";
		};
		3CDF112823337382007BA74D /* Frameworks */ = {
			isa = PBXGroup;
			children = (
				3CDF112923337382007BA74D /* TwitterCore.framework */,
				D07A15F620AC162E656FA177 /* Pods_TwitterMessagingApp.framework */,
			);
			name = Frameworks;
			sourceTree = "<group>";
		};
		9411A9DF382227D7C2DB78CF /* Pods */ = {
			isa = PBXGroup;
			children = (
				069602C04B046D676DCF241E /* Pods-TwitterMessagingApp.debug.xcconfig */,
				B895D8171182FE050B144B0C /* Pods-TwitterMessagingApp.release.xcconfig */,
			);
			path = Pods;
			sourceTree = "<group>";
		};
/* End PBXGroup section */

/* Begin PBXNativeTarget section */
		3CDF10E823336325007BA74D /* TwitterMessagingApp */ = {
			isa = PBXNativeTarget;
			buildConfigurationList = 3CDF111423336327007BA74D /* Build configuration list for PBXNativeTarget "TwitterMessagingApp" */;
			buildPhases = (
				4014CB5009582C92D77E7C74 /* [CP] Check Pods Manifest.lock */,
				3CDF10E523336325007BA74D /* Sources */,
				3CDF10E623336325007BA74D /* Frameworks */,
				3CDF10E723336325007BA74D /* Resources */,
				3CDF11232333714A007BA74D /* Embed Frameworks */,
				3CDF1133233374DE007BA74D /* Embed PlugIns */,
				9C55606E297BCF7C86326E88 /* [CP] Embed Pods Frameworks */,
				5752681E0EA8279826DB8DB9 /* [CP] Copy Pods Resources */,
			);
			buildRules = (
			);
			dependencies = (
			);
			name = TwitterMessagingApp;
			productName = TwitterMessagingApp;
			productReference = 3CDF10E923336325007BA74D /* TwitterMessagingApp.app */;
			productType = "com.apple.product-type.application";
		};
		3CDF10FF23336327007BA74D /* TwitterMessagingAppTests */ = {
			isa = PBXNativeTarget;
			buildConfigurationList = 3CDF111723336327007BA74D /* Build configuration list for PBXNativeTarget "TwitterMessagingAppTests" */;
			buildPhases = (
				3CDF10FC23336327007BA74D /* Sources */,
				3CDF10FD23336327007BA74D /* Frameworks */,
				3CDF10FE23336327007BA74D /* Resources */,
			);
			buildRules = (
			);
			dependencies = (
				3CDF110223336327007BA74D /* PBXTargetDependency */,
			);
			name = TwitterMessagingAppTests;
			productName = TwitterMessagingAppTests;
			productReference = 3CDF110023336327007BA74D /* TwitterMessagingAppTests.xctest */;
			productType = "com.apple.product-type.bundle.unit-test";
		};
		3CDF110A23336327007BA74D /* TwitterMessagingAppUITests */ = {
			isa = PBXNativeTarget;
			buildConfigurationList = 3CDF111A23336327007BA74D /* Build configuration list for PBXNativeTarget "TwitterMessagingAppUITests" */;
			buildPhases = (
				3CDF110723336327007BA74D /* Sources */,
				3CDF110823336327007BA74D /* Frameworks */,
				3CDF110923336327007BA74D /* Resources */,
			);
			buildRules = (
			);
			dependencies = (
				3CDF110D23336327007BA74D /* PBXTargetDependency */,
			);
			name = TwitterMessagingAppUITests;
			productName = TwitterMessagingAppUITests;
			productReference = 3CDF110B23336327007BA74D /* TwitterMessagingAppUITests.xctest */;
			productType = "com.apple.product-type.bundle.ui-testing";
		};
/* End PBXNativeTarget section */

/* Begin PBXProject section */
		3CDF10E123336325007BA74D /* Project object */ = {
			isa = PBXProject;
			attributes = {
				LastSwiftUpdateCheck = 1030;
				LastUpgradeCheck = 1030;
				ORGANIZATIONNAME = "Kevin Maloles";
				TargetAttributes = {
					3CDF10E823336325007BA74D = {
						CreatedOnToolsVersion = 10.3;
					};
					3CDF10FF23336327007BA74D = {
						CreatedOnToolsVersion = 10.3;
						TestTargetID = 3CDF10E823336325007BA74D;
					};
					3CDF110A23336327007BA74D = {
						CreatedOnToolsVersion = 10.3;
						TestTargetID = 3CDF10E823336325007BA74D;
					};
				};
			};
			buildConfigurationList = 3CDF10E423336325007BA74D /* Build configuration list for PBXProject "TwitterMessagingApp" */;
			compatibilityVersion = "Xcode 9.3";
			developmentRegion = en;
			hasScannedForEncodings = 0;
			knownRegions = (
				en,
				Base,
			);
			mainGroup = 3CDF10E023336325007BA74D;
			productRefGroup = 3CDF10EA23336325007BA74D /* Products */;
			projectDirPath = "";
			projectRoot = "";
			targets = (
				3CDF10E823336325007BA74D /* TwitterMessagingApp */,
				3CDF10FF23336327007BA74D /* TwitterMessagingAppTests */,
				3CDF110A23336327007BA74D /* TwitterMessagingAppUITests */,
			);
		};
/* End PBXProject section */

/* Begin PBXResourcesBuildPhase section */
		3CDF10E723336325007BA74D /* Resources */ = {
			isa = PBXResourcesBuildPhase;
			buildActionMask = 2147483647;
			files = (
				3CDF10FA23336327007BA74D /* LaunchScreen.storyboard in Resources */,
				3CDF10F723336327007BA74D /* Assets.xcassets in Resources */,
				3C78474F233385B900BF129F /* FollowersListingViewController.storyboard in Resources */,
				3CDF10F223336325007BA74D /* Main.storyboard in Resources */,
				3C78475C23339FCA00BF129F /* UserTableViewCell.xib in Resources */,
			);
			runOnlyForDeploymentPostprocessing = 0;
		};
		3CDF10FE23336327007BA74D /* Resources */ = {
			isa = PBXResourcesBuildPhase;
			buildActionMask = 2147483647;
			files = (
			);
			runOnlyForDeploymentPostprocessing = 0;
		};
		3CDF110923336327007BA74D /* Resources */ = {
			isa = PBXResourcesBuildPhase;
			buildActionMask = 2147483647;
			files = (
			);
			runOnlyForDeploymentPostprocessing = 0;
		};
/* End PBXResourcesBuildPhase section */

/* Begin PBXShellScriptBuildPhase section */
		4014CB5009582C92D77E7C74 /* [CP] Check Pods Manifest.lock */ = {
			isa = PBXShellScriptBuildPhase;
			buildActionMask = 2147483647;
			files = (
			);
			inputFileListPaths = (
			);
			inputPaths = (
				"${PODS_PODFILE_DIR_PATH}/Podfile.lock",
				"${PODS_ROOT}/Manifest.lock",
			);
			name = "[CP] Check Pods Manifest.lock";
			outputFileListPaths = (
			);
			outputPaths = (
				"$(DERIVED_FILE_DIR)/Pods-TwitterMessagingApp-checkManifestLockResult.txt",
			);
			runOnlyForDeploymentPostprocessing = 0;
			shellPath = /bin/sh;
			shellScript = "diff \"${PODS_PODFILE_DIR_PATH}/Podfile.lock\" \"${PODS_ROOT}/Manifest.lock\" > /dev/null\nif [ $? != 0 ] ; then\n    # print error to STDERR\n    echo \"error: The sandbox is not in sync with the Podfile.lock. Run 'pod install' or update your CocoaPods installation.\" >&2\n    exit 1\nfi\n# This output is used by Xcode 'outputs' to avoid re-running this script phase.\necho \"SUCCESS\" > \"${SCRIPT_OUTPUT_FILE_0}\"\n";
			showEnvVarsInLog = 0;
		};
		5752681E0EA8279826DB8DB9 /* [CP] Copy Pods Resources */ = {
			isa = PBXShellScriptBuildPhase;
			buildActionMask = 2147483647;
			files = (
			);
			inputFileListPaths = (
				"${PODS_ROOT}/Target Support Files/Pods-TwitterMessagingApp/Pods-TwitterMessagingApp-resources-${CONFIGURATION}-input-files.xcfilelist",
			);
			name = "[CP] Copy Pods Resources";
			outputFileListPaths = (
				"${PODS_ROOT}/Target Support Files/Pods-TwitterMessagingApp/Pods-TwitterMessagingApp-resources-${CONFIGURATION}-output-files.xcfilelist",
			);
			runOnlyForDeploymentPostprocessing = 0;
			shellPath = /bin/sh;
			shellScript = "\"${PODS_ROOT}/Target Support Files/Pods-TwitterMessagingApp/Pods-TwitterMessagingApp-resources.sh\"\n";
			showEnvVarsInLog = 0;
		};
		9C55606E297BCF7C86326E88 /* [CP] Embed Pods Frameworks */ = {
			isa = PBXShellScriptBuildPhase;
			buildActionMask = 2147483647;
			files = (
			);
			inputFileListPaths = (
				"${PODS_ROOT}/Target Support Files/Pods-TwitterMessagingApp/Pods-TwitterMessagingApp-frameworks-${CONFIGURATION}-input-files.xcfilelist",
			);
			name = "[CP] Embed Pods Frameworks";
			outputFileListPaths = (
				"${PODS_ROOT}/Target Support Files/Pods-TwitterMessagingApp/Pods-TwitterMessagingApp-frameworks-${CONFIGURATION}-output-files.xcfilelist",
			);
			runOnlyForDeploymentPostprocessing = 0;
			shellPath = /bin/sh;
			shellScript = "\"${PODS_ROOT}/Target Support Files/Pods-TwitterMessagingApp/Pods-TwitterMessagingApp-frameworks.sh\"\n";
			showEnvVarsInLog = 0;
		};
/* End PBXShellScriptBuildPhase section */

/* Begin PBXSourcesBuildPhase section */
		3CDF10E523336325007BA74D /* Sources */ = {
			isa = PBXSourcesBuildPhase;
			buildActionMask = 2147483647;
			files = (
				3C7847642333A12000BF129F /* UIView+Circle.swift in Sources */,
				3CDF10F523336325007BA74D /* TwitterMessagingApp.xcdatamodeld in Sources */,
				3C784751233385D600BF129F /* FollowersListingViewController.swift in Sources */,
				3C7847662333A18C00BF129F /* ImageView+URLImageLoading.swift in Sources */,
				3C7847572333916E00BF129F /* TwitterManager.swift in Sources */,
				3C7847622333A0F100BF129F /* Cell+ReuseIdentifiers.swift in Sources */,
				3CDF10EF23336325007BA74D /* ViewController.swift in Sources */,
				3C78475B23339FCA00BF129F /* UserTableViewCell.swift in Sources */,
				3C7847602333A0D400BF129F /* UIViewController+StoryboardInstance.swift in Sources */,
				3CDF10ED23336325007BA74D /* AppDelegate.swift in Sources */,
				3C7847692333A20000BF129F /* User.swift in Sources */,
			);
			runOnlyForDeploymentPostprocessing = 0;
		};
		3CDF10FC23336327007BA74D /* Sources */ = {
			isa = PBXSourcesBuildPhase;
			buildActionMask = 2147483647;
			files = (
				3CDF110523336327007BA74D /* TwitterMessagingAppTests.swift in Sources */,
			);
			runOnlyForDeploymentPostprocessing = 0;
		};
		3CDF110723336327007BA74D /* Sources */ = {
			isa = PBXSourcesBuildPhase;
			buildActionMask = 2147483647;
			files = (
				3CDF111023336327007BA74D /* TwitterMessagingAppUITests.swift in Sources */,
			);
			runOnlyForDeploymentPostprocessing = 0;
		};
/* End PBXSourcesBuildPhase section */

/* Begin PBXTargetDependency section */
		3CDF110223336327007BA74D /* PBXTargetDependency */ = {
			isa = PBXTargetDependency;
			target = 3CDF10E823336325007BA74D /* TwitterMessagingApp */;
			targetProxy = 3CDF110123336327007BA74D /* PBXContainerItemProxy */;
		};
		3CDF110D23336327007BA74D /* PBXTargetDependency */ = {
			isa = PBXTargetDependency;
			target = 3CDF10E823336325007BA74D /* TwitterMessagingApp */;
			targetProxy = 3CDF110C23336327007BA74D /* PBXContainerItemProxy */;
		};
/* End PBXTargetDependency section */

/* Begin PBXVariantGroup section */
		3CDF10F023336325007BA74D /* Main.storyboard */ = {
			isa = PBXVariantGroup;
			children = (
				3CDF10F123336325007BA74D /* Base */,
			);
			name = Main.storyboard;
			sourceTree = "<group>";
		};
		3CDF10F823336327007BA74D /* LaunchScreen.storyboard */ = {
			isa = PBXVariantGroup;
			children = (
				3CDF10F923336327007BA74D /* Base */,
			);
			name = LaunchScreen.storyboard;
			sourceTree = "<group>";
		};
/* End PBXVariantGroup section */

/* Begin XCBuildConfiguration section */
		3CDF111223336327007BA74D /* Debug */ = {
			isa = XCBuildConfiguration;
			buildSettings = {
				ALWAYS_SEARCH_USER_PATHS = NO;
				CLANG_ANALYZER_NONNULL = YES;
				CLANG_ANALYZER_NUMBER_OBJECT_CONVERSION = YES_AGGRESSIVE;
				CLANG_CXX_LANGUAGE_STANDARD = "gnu++14";
				CLANG_CXX_LIBRARY = "libc++";
				CLANG_ENABLE_MODULES = YES;
				CLANG_ENABLE_OBJC_ARC = YES;
				CLANG_ENABLE_OBJC_WEAK = YES;
				CLANG_WARN_BLOCK_CAPTURE_AUTORELEASING = YES;
				CLANG_WARN_BOOL_CONVERSION = YES;
				CLANG_WARN_COMMA = YES;
				CLANG_WARN_CONSTANT_CONVERSION = YES;
				CLANG_WARN_DEPRECATED_OBJC_IMPLEMENTATIONS = YES;
				CLANG_WARN_DIRECT_OBJC_ISA_USAGE = YES_ERROR;
				CLANG_WARN_DOCUMENTATION_COMMENTS = YES;
				CLANG_WARN_EMPTY_BODY = YES;
				CLANG_WARN_ENUM_CONVERSION = YES;
				CLANG_WARN_INFINITE_RECURSION = YES;
				CLANG_WARN_INT_CONVERSION = YES;
				CLANG_WARN_NON_LITERAL_NULL_CONVERSION = YES;
				CLANG_WARN_OBJC_IMPLICIT_RETAIN_SELF = YES;
				CLANG_WARN_OBJC_LITERAL_CONVERSION = YES;
				CLANG_WARN_OBJC_ROOT_CLASS = YES_ERROR;
				CLANG_WARN_RANGE_LOOP_ANALYSIS = YES;
				CLANG_WARN_STRICT_PROTOTYPES = YES;
				CLANG_WARN_SUSPICIOUS_MOVE = YES;
				CLANG_WARN_UNGUARDED_AVAILABILITY = YES_AGGRESSIVE;
				CLANG_WARN_UNREACHABLE_CODE = YES;
				CLANG_WARN__DUPLICATE_METHOD_MATCH = YES;
				CODE_SIGN_IDENTITY = "iPhone Developer";
				COPY_PHASE_STRIP = NO;
				DEBUG_INFORMATION_FORMAT = dwarf;
				ENABLE_STRICT_OBJC_MSGSEND = YES;
				ENABLE_TESTABILITY = YES;
				GCC_C_LANGUAGE_STANDARD = gnu11;
				GCC_DYNAMIC_NO_PIC = NO;
				GCC_NO_COMMON_BLOCKS = YES;
				GCC_OPTIMIZATION_LEVEL = 0;
				GCC_PREPROCESSOR_DEFINITIONS = (
					"DEBUG=1",
					"$(inherited)",
				);
				GCC_WARN_64_TO_32_BIT_CONVERSION = YES;
				GCC_WARN_ABOUT_RETURN_TYPE = YES_ERROR;
				GCC_WARN_UNDECLARED_SELECTOR = YES;
				GCC_WARN_UNINITIALIZED_AUTOS = YES_AGGRESSIVE;
				GCC_WARN_UNUSED_FUNCTION = YES;
				GCC_WARN_UNUSED_VARIABLE = YES;
				IPHONEOS_DEPLOYMENT_TARGET = 12.4;
				MTL_ENABLE_DEBUG_INFO = INCLUDE_SOURCE;
				MTL_FAST_MATH = YES;
				ONLY_ACTIVE_ARCH = YES;
				SDKROOT = iphoneos;
				SWIFT_ACTIVE_COMPILATION_CONDITIONS = DEBUG;
				SWIFT_OPTIMIZATION_LEVEL = "-Onone";
			};
			name = Debug;
		};
		3CDF111323336327007BA74D /* Release */ = {
			isa = XCBuildConfiguration;
			buildSettings = {
				ALWAYS_SEARCH_USER_PATHS = NO;
				CLANG_ANALYZER_NONNULL = YES;
				CLANG_ANALYZER_NUMBER_OBJECT_CONVERSION = YES_AGGRESSIVE;
				CLANG_CXX_LANGUAGE_STANDARD = "gnu++14";
				CLANG_CXX_LIBRARY = "libc++";
				CLANG_ENABLE_MODULES = YES;
				CLANG_ENABLE_OBJC_ARC = YES;
				CLANG_ENABLE_OBJC_WEAK = YES;
				CLANG_WARN_BLOCK_CAPTURE_AUTORELEASING = YES;
				CLANG_WARN_BOOL_CONVERSION = YES;
				CLANG_WARN_COMMA = YES;
				CLANG_WARN_CONSTANT_CONVERSION = YES;
				CLANG_WARN_DEPRECATED_OBJC_IMPLEMENTATIONS = YES;
				CLANG_WARN_DIRECT_OBJC_ISA_USAGE = YES_ERROR;
				CLANG_WARN_DOCUMENTATION_COMMENTS = YES;
				CLANG_WARN_EMPTY_BODY = YES;
				CLANG_WARN_ENUM_CONVERSION = YES;
				CLANG_WARN_INFINITE_RECURSION = YES;
				CLANG_WARN_INT_CONVERSION = YES;
				CLANG_WARN_NON_LITERAL_NULL_CONVERSION = YES;
				CLANG_WARN_OBJC_IMPLICIT_RETAIN_SELF = YES;
				CLANG_WARN_OBJC_LITERAL_CONVERSION = YES;
				CLANG_WARN_OBJC_ROOT_CLASS = YES_ERROR;
				CLANG_WARN_RANGE_LOOP_ANALYSIS = YES;
				CLANG_WARN_STRICT_PROTOTYPES = YES;
				CLANG_WARN_SUSPICIOUS_MOVE = YES;
				CLANG_WARN_UNGUARDED_AVAILABILITY = YES_AGGRESSIVE;
				CLANG_WARN_UNREACHABLE_CODE = YES;
				CLANG_WARN__DUPLICATE_METHOD_MATCH = YES;
				CODE_SIGN_IDENTITY = "iPhone Developer";
				COPY_PHASE_STRIP = NO;
				DEBUG_INFORMATION_FORMAT = "dwarf-with-dsym";
				ENABLE_NS_ASSERTIONS = NO;
				ENABLE_STRICT_OBJC_MSGSEND = YES;
				GCC_C_LANGUAGE_STANDARD = gnu11;
				GCC_NO_COMMON_BLOCKS = YES;
				GCC_WARN_64_TO_32_BIT_CONVERSION = YES;
				GCC_WARN_ABOUT_RETURN_TYPE = YES_ERROR;
				GCC_WARN_UNDECLARED_SELECTOR = YES;
				GCC_WARN_UNINITIALIZED_AUTOS = YES_AGGRESSIVE;
				GCC_WARN_UNUSED_FUNCTION = YES;
				GCC_WARN_UNUSED_VARIABLE = YES;
				IPHONEOS_DEPLOYMENT_TARGET = 12.4;
				MTL_ENABLE_DEBUG_INFO = NO;
				MTL_FAST_MATH = YES;
				SDKROOT = iphoneos;
				SWIFT_COMPILATION_MODE = wholemodule;
				SWIFT_OPTIMIZATION_LEVEL = "-O";
				VALIDATE_PRODUCT = YES;
			};
			name = Release;
		};
		3CDF111523336327007BA74D /* Debug */ = {
			isa = XCBuildConfiguration;
			baseConfigurationReference = 069602C04B046D676DCF241E /* Pods-TwitterMessagingApp.debug.xcconfig */;
			buildSettings = {
				ASSETCATALOG_COMPILER_APPICON_NAME = AppIcon;
				CODE_SIGN_STYLE = Automatic;
				DEVELOPMENT_TEAM = 3JPJR237C9;
				FRAMEWORK_SEARCH_PATHS = (
					"$(inherited)",
					"$(PROJECT_DIR)",
				);
				INFOPLIST_FILE = TwitterMessagingApp/Info.plist;
				LD_RUNPATH_SEARCH_PATHS = (
					"$(inherited)",
					"@executable_path/Frameworks",
				);
				PRODUCT_BUNDLE_IDENTIFIER = Sample.TwitterMessagingApp;
				PRODUCT_NAME = "$(TARGET_NAME)";
				SWIFT_VERSION = 5.0;
				TARGETED_DEVICE_FAMILY = "1,2";
			};
			name = Debug;
		};
		3CDF111623336327007BA74D /* Release */ = {
			isa = XCBuildConfiguration;
			baseConfigurationReference = B895D8171182FE050B144B0C /* Pods-TwitterMessagingApp.release.xcconfig */;
			buildSettings = {
				ASSETCATALOG_COMPILER_APPICON_NAME = AppIcon;
				CODE_SIGN_STYLE = Automatic;
				DEVELOPMENT_TEAM = 3JPJR237C9;
				FRAMEWORK_SEARCH_PATHS = (
					"$(inherited)",
					"$(PROJECT_DIR)",
				);
				INFOPLIST_FILE = TwitterMessagingApp/Info.plist;
				LD_RUNPATH_SEARCH_PATHS = (
					"$(inherited)",
					"@executable_path/Frameworks",
				);
				PRODUCT_BUNDLE_IDENTIFIER = Sample.TwitterMessagingApp;
				PRODUCT_NAME = "$(TARGET_NAME)";
				SWIFT_VERSION = 5.0;
				TARGETED_DEVICE_FAMILY = "1,2";
			};
			name = Release;
		};
		3CDF111823336327007BA74D /* Debug */ = {
			isa = XCBuildConfiguration;
			buildSettings = {
				ALWAYS_EMBED_SWIFT_STANDARD_LIBRARIES = YES;
				BUNDLE_LOADER = "$(TEST_HOST)";
				CODE_SIGN_STYLE = Automatic;
				DEVELOPMENT_TEAM = 3JPJR237C9;
				INFOPLIST_FILE = TwitterMessagingAppTests/Info.plist;
				LD_RUNPATH_SEARCH_PATHS = (
					"$(inherited)",
					"@executable_path/Frameworks",
					"@loader_path/Frameworks",
				);
				PRODUCT_BUNDLE_IDENTIFIER = Sample.TwitterMessagingAppTests;
				PRODUCT_NAME = "$(TARGET_NAME)";
				SWIFT_VERSION = 5.0;
				TARGETED_DEVICE_FAMILY = "1,2";
				TEST_HOST = "$(BUILT_PRODUCTS_DIR)/TwitterMessagingApp.app/TwitterMessagingApp";
			};
			name = Debug;
		};
		3CDF111923336327007BA74D /* Release */ = {
			isa = XCBuildConfiguration;
			buildSettings = {
				ALWAYS_EMBED_SWIFT_STANDARD_LIBRARIES = YES;
				BUNDLE_LOADER = "$(TEST_HOST)";
				CODE_SIGN_STYLE = Automatic;
				DEVELOPMENT_TEAM = 3JPJR237C9;
				INFOPLIST_FILE = TwitterMessagingAppTests/Info.plist;
				LD_RUNPATH_SEARCH_PATHS = (
					"$(inherited)",
					"@executable_path/Frameworks",
					"@loader_path/Frameworks",
				);
				PRODUCT_BUNDLE_IDENTIFIER = Sample.TwitterMessagingAppTests;
				PRODUCT_NAME = "$(TARGET_NAME)";
				SWIFT_VERSION = 5.0;
				TARGETED_DEVICE_FAMILY = "1,2";
				TEST_HOST = "$(BUILT_PRODUCTS_DIR)/TwitterMessagingApp.app/TwitterMessagingApp";
			};
			name = Release;
		};
		3CDF111B23336327007BA74D /* Debug */ = {
			isa = XCBuildConfiguration;
			buildSettings = {
				ALWAYS_EMBED_SWIFT_STANDARD_LIBRARIES = YES;
				CODE_SIGN_STYLE = Automatic;
				DEVELOPMENT_TEAM = 3JPJR237C9;
				INFOPLIST_FILE = TwitterMessagingAppUITests/Info.plist;
				LD_RUNPATH_SEARCH_PATHS = (
					"$(inherited)",
					"@executable_path/Frameworks",
					"@loader_path/Frameworks",
				);
				PRODUCT_BUNDLE_IDENTIFIER = Sample.TwitterMessagingAppUITests;
				PRODUCT_NAME = "$(TARGET_NAME)";
				SWIFT_VERSION = 5.0;
				TARGETED_DEVICE_FAMILY = "1,2";
				TEST_TARGET_NAME = TwitterMessagingApp;
			};
			name = Debug;
		};
		3CDF111C23336327007BA74D /* Release */ = {
			isa = XCBuildConfiguration;
			buildSettings = {
				ALWAYS_EMBED_SWIFT_STANDARD_LIBRARIES = YES;
				CODE_SIGN_STYLE = Automatic;
				DEVELOPMENT_TEAM = 3JPJR237C9;
				INFOPLIST_FILE = TwitterMessagingAppUITests/Info.plist;
				LD_RUNPATH_SEARCH_PATHS = (
					"$(inherited)",
					"@executable_path/Frameworks",
					"@loader_path/Frameworks",
				);
				PRODUCT_BUNDLE_IDENTIFIER = Sample.TwitterMessagingAppUITests;
				PRODUCT_NAME = "$(TARGET_NAME)";
				SWIFT_VERSION = 5.0;
				TARGETED_DEVICE_FAMILY = "1,2";
				TEST_TARGET_NAME = TwitterMessagingApp;
			};
			name = Release;
		};
/* End XCBuildConfiguration section */

/* Begin XCConfigurationList section */
		3CDF10E423336325007BA74D /* Build configuration list for PBXProject "TwitterMessagingApp" */ = {
			isa = XCConfigurationList;
			buildConfigurations = (
				3CDF111223336327007BA74D /* Debug */,
				3CDF111323336327007BA74D /* Release */,
			);
			defaultConfigurationIsVisible = 0;
			defaultConfigurationName = Release;
		};
		3CDF111423336327007BA74D /* Build configuration list for PBXNativeTarget "TwitterMessagingApp" */ = {
			isa = XCConfigurationList;
			buildConfigurations = (
				3CDF111523336327007BA74D /* Debug */,
				3CDF111623336327007BA74D /* Release */,
			);
			defaultConfigurationIsVisible = 0;
			defaultConfigurationName = Release;
		};
		3CDF111723336327007BA74D /* Build configuration list for PBXNativeTarget "TwitterMessagingAppTests" */ = {
			isa = XCConfigurationList;
			buildConfigurations = (
				3CDF111823336327007BA74D /* Debug */,
				3CDF111923336327007BA74D /* Release */,
			);
			defaultConfigurationIsVisible = 0;
			defaultConfigurationName = Release;
		};
		3CDF111A23336327007BA74D /* Build configuration list for PBXNativeTarget "TwitterMessagingAppUITests" */ = {
			isa = XCConfigurationList;
			buildConfigurations = (
				3CDF111B23336327007BA74D /* Debug */,
				3CDF111C23336327007BA74D /* Release */,
			);
			defaultConfigurationIsVisible = 0;
			defaultConfigurationName = Release;
		};
/* End XCConfigurationList section */

/* Begin XCVersionGroup section */
		3CDF10F323336325007BA74D /* TwitterMessagingApp.xcdatamodeld */ = {
			isa = XCVersionGroup;
			children = (
				3CDF10F423336325007BA74D /* TwitterMessagingApp.xcdatamodel */,
			);
			currentVersion = 3CDF10F423336325007BA74D /* TwitterMessagingApp.xcdatamodel */;
			path = TwitterMessagingApp.xcdatamodeld;
			sourceTree = "<group>";
			versionGroupType = wrapper.xcdatamodel;
		};
/* End XCVersionGroup section */
	};
	rootObject = 3CDF10E123336325007BA74D /* Project object */;
}
